PODS:
  - GaugeKit (0.4.5)
  - SideMenu (5.0.3)
  - ZMAppFoundation (0.2.5):
    - GaugeKit
    - SideMenu

DEPENDENCIES:
  - GaugeKit (from `https://github.com/skywinder/GaugeKit`, branch `swift-4`)
  - ZMAppFoundation (from `../`)

SPEC REPOS:
  https://github.com/cocoapods/specs.git:
    - SideMenu

EXTERNAL SOURCES:
  GaugeKit:
    :branch: swift-4
    :git: https://github.com/skywinder/GaugeKit
  ZMAppFoundation:
    :path: "../"

CHECKOUT OPTIONS:
  GaugeKit:
    :commit: f83f650e08ab5f10f1495bca0c54401dae01c11a
    :git: https://github.com/skywinder/GaugeKit

SPEC CHECKSUMS:
  GaugeKit: 7872069a8aed2d26b17fca110fe1ab59722f8a33
  SideMenu: 1dcaabce84538c53325c287f7fe62999379a641c
  ZMAppFoundation: f73e4ab4f5c4164e7b59f78368885a35ad4f8bb3

PODFILE CHECKSUM: 66992743a6ad9146b765a5a1a33cdfe69c0fa398

COCOAPODS: 1.5.3
